
Microsoft Visual Studio Solution File, Format Version 12.00
# Visual Studio 15
Project("{FAE04EC0-301F-11D3-BF4B-00C04F79EFBC}") = "colorCyclebutton", "colorCyclebutton.csproj", "{C0691A51-B1D5-1C62-6316-CAE9D5DCCF29}"
EndProject
Project("{FAE04EC0-301F-11D3-BF4B-00C04F79EFBC}") = "colorCyclebutton.Editor", "colorCyclebutton.Editor.csproj", "{435BA734-8F15-B611-37BD-B955F1AA9C87}"
EndProject
Global
	GlobalSection(SolutionConfigurationPlatforms) = preSolution
		Debug|Any CPU = Debug|Any CPU
		Release|Any CPU = Release|Any CPU
	EndGlobalSection
	GlobalSection(ProjectConfigurationPlatforms) = postSolution
		{C0691A51-B1D5-1C62-6316-CAE9D5DCCF29}.Debug|Any CPU.ActiveCfg = Debug|Any CPU
		{C0691A51-B1D5-1C62-6316-CAE9D5DCCF29}.Debug|Any CPU.Build.0 = Debug|Any CPU
		{C0691A51-B1D5-1C62-6316-CAE9D5DCCF29}.Release|Any CPU.ActiveCfg = Release|Any CPU
		{C0691A51-B1D5-1C62-6316-CAE9D5DCCF29}.Release|Any CPU.Build.0 = Release|Any CPU
		{435BA734-8F15-B611-37BD-B955F1AA9C87}.Debug|Any CPU.ActiveCfg = Debug|Any CPU
		{435BA734-8F15-B611-37BD-B955F1AA9C87}.Debug|Any CPU.Build.0 = Debug|Any CPU
		{435BA734-8F15-B611-37BD-B955F1AA9C87}.Release|Any CPU.ActiveCfg = Release|Any CPU
		{435BA734-8F15-B611-37BD-B955F1AA9C87}.Release|Any CPU.Build.0 = Release|Any CPU
	EndGlobalSection
	GlobalSection(SolutionProperties) = preSolution
		HideSolutionNode = FALSE
	EndGlobalSection
EndGlobal
